
Microsoft Visual Studio Solution File, Format Version 12.00
# Visual Studio 15
VisualStudioVersion = 15.0.28307.779
MinimumVisualStudioVersion = 10.0.40219.1
Project("{FAE04EC0-301F-11D3-BF4B-00C04F79EFBC}") = "FrameworkTest", "FrameworkTest\FrameworkTest.csproj", "{50E8B834-FAC5-48B7-85AF-09ACF0566B94}"
EndProject
Global
	GlobalSection(SolutionConfigurationPlatforms) = preSolution
		Debug|Any CPU = Debug|Any CPU
		Release|Any CPU = Release|Any CPU
	EndGlobalSection
	GlobalSection(ProjectConfigurationPlatforms) = postSolution
		{50E8B834-FAC5-48B7-85AF-09ACF0566B94}.Debug|Any CPU.ActiveCfg = Debug|Any CPU
		{50E8B834-FAC5-48B7-85AF-09ACF0566B94}.Debug|Any CPU.Build.0 = Debug|Any CPU
		{50E8B834-FAC5-48B7-85AF-09ACF0566B94}.Release|Any CPU.ActiveCfg = Release|Any CPU
		{50E8B834-FAC5-48B7-85AF-09ACF0566B94}.Release|Any CPU.Build.0 = Release|Any CPU
	EndGlobalSection
	GlobalSection(SolutionProperties) = preSolution
		HideSolutionNode = FALSE
	EndGlobalSection
	GlobalSection(ExtensibilityGlobals) = postSolution
		SolutionGuid = {D070D83C-03C6-496A-9E60-7EAFAC6290F6}
	EndGlobalSection
EndGlobal
